// !$*UTF8*$!
{
	archiveVersion = 1;
	classes = {
	};
	objectVersion = 56;
	objects = {

/* Begin PBXBuildFile section */
		E2D8129129B6B67E00F1A7E7 /* Pleny_Demo_AppApp.swift in Sources */ = {isa = PBXBuildFile; fileRef = E2D8129029B6B67E00F1A7E7 /* Pleny_Demo_AppApp.swift */; };
		E2D8129329B6B67E00F1A7E7 /* LoginView.swift in Sources */ = {isa = PBXBuildFile; fileRef = E2D8129229B6B67E00F1A7E7 /* LoginView.swift */; };
		E2D8129529B6B68000F1A7E7 /* Assets.xcassets in Resources */ = {isa = PBXBuildFile; fileRef = E2D8129429B6B68000F1A7E7 /* Assets.xcassets */; };
		E2D8129829B6B68000F1A7E7 /* Preview Assets.xcassets in Resources */ = {isa = PBXBuildFile; fileRef = E2D8129729B6B68000F1A7E7 /* Preview Assets.xcassets */; };
		E2D812BB29B7B72800F1A7E7 /* APIError.swift in Sources */ = {isa = PBXBuildFile; fileRef = E2D812BA29B7B72800F1A7E7 /* APIError.swift */; };
		E2D812BD29B7BC9600F1A7E7 /* LoginVM.swift in Sources */ = {isa = PBXBuildFile; fileRef = E2D812BC29B7BC9600F1A7E7 /* LoginVM.swift */; };
		E2D812BF29B7C1C800F1A7E7 /* NetworkManger.swift in Sources */ = {isa = PBXBuildFile; fileRef = E2D812BE29B7C1C800F1A7E7 /* NetworkManger.swift */; };
		E2D812C129B7C76F00F1A7E7 /* User.swift in Sources */ = {isa = PBXBuildFile; fileRef = E2D812C029B7C76F00F1A7E7 /* User.swift */; };
		E2D812C529B80A2000F1A7E7 /* PostsView.swift in Sources */ = {isa = PBXBuildFile; fileRef = E2D812C429B80A2000F1A7E7 /* PostsView.swift */; };
		E2D812CB29B80C6E00F1A7E7 /* Post.swift in Sources */ = {isa = PBXBuildFile; fileRef = E2D812CA29B80C6E00F1A7E7 /* Post.swift */; };
		E2D812D129B834EB00F1A7E7 /* PostView.swift in Sources */ = {isa = PBXBuildFile; fileRef = E2D812D029B834EB00F1A7E7 /* PostView.swift */; };
/* End PBXBuildFile section */

/* Begin PBXFileReference section */
		E2D8128D29B6B67E00F1A7E7 /* Pleny_Demo_App.app */ = {isa = PBXFileReference; explicitFileType = wrapper.application; includeInIndex = 0; path = Pleny_Demo_App.app; sourceTree = BUILT_PRODUCTS_DIR; };
		E2D8129029B6B67E00F1A7E7 /* Pleny_Demo_AppApp.swift */ = {isa = PBXFileReference; lastKnownFileType = sourcecode.swift; path = Pleny_Demo_AppApp.swift; sourceTree = "<group>"; };
		E2D8129229B6B67E00F1A7E7 /* LoginView.swift */ = {isa = PBXFileReference; lastKnownFileType = sourcecode.swift; path = LoginView.swift; sourceTree = "<group>"; };
		E2D8129429B6B68000F1A7E7 /* Assets.xcassets */ = {isa = PBXFileReference; lastKnownFileType = folder.assetcatalog; path = Assets.xcassets; sourceTree = "<group>"; };
		E2D8129729B6B68000F1A7E7 /* Preview Assets.xcassets */ = {isa = PBXFileReference; lastKnownFileType = folder.assetcatalog; path = "Preview Assets.xcassets"; sourceTree = "<group>"; };
		E2D812BA29B7B72800F1A7E7 /* APIError.swift */ = {isa = PBXFileReference; lastKnownFileType = sourcecode.swift; path = APIError.swift; sourceTree = "<group>"; };
		E2D812BC29B7BC9600F1A7E7 /* LoginVM.swift */ = {isa = PBXFileReference; lastKnownFileType = sourcecode.swift; path = LoginVM.swift; sourceTree = "<group>"; };
		E2D812BE29B7C1C800F1A7E7 /* NetworkManger.swift */ = {isa = PBXFileReference; lastKnownFileType = sourcecode.swift; path = NetworkManger.swift; sourceTree = "<group>"; };
		E2D812C029B7C76F00F1A7E7 /* User.swift */ = {isa = PBXFileReference; lastKnownFileType = sourcecode.swift; path = User.swift; sourceTree = "<group>"; };
		E2D812C429B80A2000F1A7E7 /* PostsView.swift */ = {isa = PBXFileReference; lastKnownFileType = sourcecode.swift; path = PostsView.swift; sourceTree = "<group>"; };
		E2D812CA29B80C6E00F1A7E7 /* Post.swift */ = {isa = PBXFileReference; lastKnownFileType = sourcecode.swift; path = Post.swift; sourceTree = "<group>"; };
		E2D812D029B834EB00F1A7E7 /* PostView.swift */ = {isa = PBXFileReference; lastKnownFileType = sourcecode.swift; path = PostView.swift; sourceTree = "<group>"; };
/* End PBXFileReference section */

/* Begin PBXFrameworksBuildPhase section */
		E2D8128A29B6B67E00F1A7E7 /* Frameworks */ = {
			isa = PBXFrameworksBuildPhase;
			buildActionMask = 2147483647;
			files = (
			);
			runOnlyForDeploymentPostprocessing = 0;
		};
/* End PBXFrameworksBuildPhase section */

/* Begin PBXGroup section */
		E2D8128429B6B67E00F1A7E7 = {
			isa = PBXGroup;
			children = (
				E2D8128F29B6B67E00F1A7E7 /* Pleny_Demo_App */,
				E2D8128E29B6B67E00F1A7E7 /* Products */,
			);
			sourceTree = "<group>";
		};
		E2D8128E29B6B67E00F1A7E7 /* Products */ = {
			isa = PBXGroup;
			children = (
				E2D8128D29B6B67E00F1A7E7 /* Pleny_Demo_App.app */,
			);
			name = Products;
			sourceTree = "<group>";
		};
		E2D8128F29B6B67E00F1A7E7 /* Pleny_Demo_App */ = {
			isa = PBXGroup;
			children = (
				E2D8129029B6B67E00F1A7E7 /* Pleny_Demo_AppApp.swift */,
				E2D812C929B80C4100F1A7E7 /* Mangers */,
				E2D812C729B80C3800F1A7E7 /* Models */,
				E2D812C829B80C3D00F1A7E7 /* ViewModels */,
				E2D812C629B80A4E00F1A7E7 /* Views */,
				E2D8129429B6B68000F1A7E7 /* Assets.xcassets */,
				E2D8129629B6B68000F1A7E7 /* Preview Content */,
			);
			path = Pleny_Demo_App;
			sourceTree = "<group>";
		};
		E2D8129629B6B68000F1A7E7 /* Preview Content */ = {
			isa = PBXGroup;
			children = (
				E2D8129729B6B68000F1A7E7 /* Preview Assets.xcassets */,
			);
			path = "Preview Content";
			sourceTree = "<group>";
		};
		E2D812C629B80A4E00F1A7E7 /* Views */ = {
			isa = PBXGroup;
			children = (
				E2D812CC29B80CAC00F1A7E7 /* Posts */,
				E2D812CD29B80CB400F1A7E7 /* Login */,
			);
			path = Views;
			sourceTree = "<group>";
		};
		E2D812C729B80C3800F1A7E7 /* Models */ = {
			isa = PBXGroup;
			children = (
				E2D812C029B7C76F00F1A7E7 /* User.swift */,
				E2D812BA29B7B72800F1A7E7 /* APIError.swift */,
				E2D812CA29B80C6E00F1A7E7 /* Post.swift */,
			);
			path = Models;
			sourceTree = "<group>";
		};
		E2D812C829B80C3D00F1A7E7 /* ViewModels */ = {
			isa = PBXGroup;
			children = (
				E2D812BC29B7BC9600F1A7E7 /* LoginVM.swift */,
			);
			path = ViewModels;
			sourceTree = "<group>";
		};
		E2D812C929B80C4100F1A7E7 /* Mangers */ = {
			isa = PBXGroup;
			children = (
				E2D812BE29B7C1C800F1A7E7 /* NetworkManger.swift */,
			);
			path = Mangers;
			sourceTree = "<group>";
		};
		E2D812CC29B80CAC00F1A7E7 /* Posts */ = {
			isa = PBXGroup;
			children = (
				E2D812C429B80A2000F1A7E7 /* PostsView.swift */,
				E2D812D029B834EB00F1A7E7 /* PostView.swift */,
			);
			path = Posts;
			sourceTree = "<group>";
		};
		E2D812CD29B80CB400F1A7E7 /* Login */ = {
			isa = PBXGroup;
			children = (
				E2D8129229B6B67E00F1A7E7 /* LoginView.swift */,
			);
			path = Login;
			sourceTree = "<group>";
		};
/* End PBXGroup section */

/* Begin PBXNativeTarget section */
		E2D8128C29B6B67E00F1A7E7 /* Pleny_Demo_App */ = {
			isa = PBXNativeTarget;
			buildConfigurationList = E2D812B129B6B68100F1A7E7 /* Build configuration list for PBXNativeTarget "Pleny_Demo_App" */;
			buildPhases = (
				E2D8128929B6B67E00F1A7E7 /* Sources */,
				E2D8128A29B6B67E00F1A7E7 /* Frameworks */,
				E2D8128B29B6B67E00F1A7E7 /* Resources */,
			);
			buildRules = (
			);
			dependencies = (
			);
			name = Pleny_Demo_App;
			productName = Pleny_Demo_App;
			productReference = E2D8128D29B6B67E00F1A7E7 /* Pleny_Demo_App.app */;
			productType = "com.apple.product-type.application";
		};
/* End PBXNativeTarget section */

/* Begin PBXProject section */
		E2D8128529B6B67E00F1A7E7 /* Project object */ = {
			isa = PBXProject;
			attributes = {
				BuildIndependentTargetsInParallel = 1;
				LastSwiftUpdateCheck = 1420;
				LastUpgradeCheck = 1420;
				TargetAttributes = {
					E2D8128C29B6B67E00F1A7E7 = {
						CreatedOnToolsVersion = 14.2;
					};
				};
			};
			buildConfigurationList = E2D8128829B6B67E00F1A7E7 /* Build configuration list for PBXProject "Pleny_Demo_App" */;
			compatibilityVersion = "Xcode 14.0";
			developmentRegion = en;
			hasScannedForEncodings = 0;
			knownRegions = (
				en,
				Base,
			);
			mainGroup = E2D8128429B6B67E00F1A7E7;
			productRefGroup = E2D8128E29B6B67E00F1A7E7 /* Products */;
			projectDirPath = "";
			projectRoot = "";
			targets = (
				E2D8128C29B6B67E00F1A7E7 /* Pleny_Demo_App */,
			);
		};
/* End PBXProject section */

/* Begin PBXResourcesBuildPhase section */
		E2D8128B29B6B67E00F1A7E7 /* Resources */ = {
			isa = PBXResourcesBuildPhase;
			buildActionMask = 2147483647;
			files = (
				E2D8129829B6B68000F1A7E7 /* Preview Assets.xcassets in Resources */,
				E2D8129529B6B68000F1A7E7 /* Assets.xcassets in Resources */,
			);
			runOnlyForDeploymentPostprocessing = 0;
		};
/* End PBXResourcesBuildPhase section */

/* Begin PBXSourcesBuildPhase section */
		E2D8128929B6B67E00F1A7E7 /* Sources */ = {
			isa = PBXSourcesBuildPhase;
			buildActionMask = 2147483647;
			files = (
				E2D812C529B80A2000F1A7E7 /* PostsView.swift in Sources */,
				E2D812BF29B7C1C800F1A7E7 /* NetworkManger.swift in Sources */,
				E2D812BD29B7BC9600F1A7E7 /* LoginVM.swift in Sources */,
				E2D812CB29B80C6E00F1A7E7 /* Post.swift in Sources */,
				E2D812C129B7C76F00F1A7E7 /* User.swift in Sources */,
				E2D8129329B6B67E00F1A7E7 /* LoginView.swift in Sources */,
				E2D8129129B6B67E00F1A7E7 /* Pleny_Demo_AppApp.swift in Sources */,
				E2D812D129B834EB00F1A7E7 /* PostView.swift in Sources */,
				E2D812BB29B7B72800F1A7E7 /* APIError.swift in Sources */,
			);
			runOnlyForDeploymentPostprocessing = 0;
		};
/* End PBXSourcesBuildPhase section */

/* Begin XCBuildConfiguration section */
		E2D812AF29B6B68100F1A7E7 /* Debug */ = {
			isa = XCBuildConfiguration;
			buildSettings = {
				ALWAYS_SEARCH_USER_PATHS = NO;
				CLANG_ANALYZER_NONNULL = YES;
				CLANG_ANALYZER_NUMBER_OBJECT_CONVERSION = YES_AGGRESSIVE;
				CLANG_CXX_LANGUAGE_STANDARD = "gnu++20";
				CLANG_ENABLE_MODULES = YES;
				CLANG_ENABLE_OBJC_ARC = YES;
				CLANG_ENABLE_OBJC_WEAK = YES;
				CLANG_WARN_BLOCK_CAPTURE_AUTORELEASING = YES;
				CLANG_WARN_BOOL_CONVERSION = YES;
				CLANG_WARN_COMMA = YES;
				CLANG_WARN_CONSTANT_CONVERSION = YES;
				CLANG_WARN_DEPRECATED_OBJC_IMPLEMENTATIONS = YES;
				CLANG_WARN_DIRECT_OBJC_ISA_USAGE = YES_ERROR;
				CLANG_WARN_DOCUMENTATION_COMMENTS = YES;
				CLANG_WARN_EMPTY_BODY = YES;
				CLANG_WARN_ENUM_CONVERSION = YES;
				CLANG_WARN_INFINITE_RECURSION = YES;
				CLANG_WARN_INT_CONVERSION = YES;
				CLANG_WARN_NON_LITERAL_NULL_CONVERSION = YES;
				CLANG_WARN_OBJC_IMPLICIT_RETAIN_SELF = YES;
				CLANG_WARN_OBJC_LITERAL_CONVERSION = YES;
				CLANG_WARN_OBJC_ROOT_CLASS = YES_ERROR;
				CLANG_WARN_QUOTED_INCLUDE_IN_FRAMEWORK_HEADER = YES;
				CLANG_WARN_RANGE_LOOP_ANALYSIS = YES;
				CLANG_WARN_STRICT_PROTOTYPES = YES;
				CLANG_WARN_SUSPICIOUS_MOVE = YES;
				CLANG_WARN_UNGUARDED_AVAILABILITY = YES_AGGRESSIVE;
				CLANG_WARN_UNREACHABLE_CODE = YES;
				CLANG_WARN__DUPLICATE_METHOD_MATCH = YES;
				COPY_PHASE_STRIP = NO;
				DEBUG_INFORMATION_FORMAT = dwarf;
				ENABLE_STRICT_OBJC_MSGSEND = YES;
				ENABLE_TESTABILITY = YES;
				GCC_C_LANGUAGE_STANDARD = gnu11;
				GCC_DYNAMIC_NO_PIC = NO;
				GCC_NO_COMMON_BLOCKS = YES;
				GCC_OPTIMIZATION_LEVEL = 0;
				GCC_PREPROCESSOR_DEFINITIONS = (
					"DEBUG=1",
					"$(inherited)",
				);
				GCC_WARN_64_TO_32_BIT_CONVERSION = YES;
				GCC_WARN_ABOUT_RETURN_TYPE = YES_ERROR;
				GCC_WARN_UNDECLARED_SELECTOR = YES;
				GCC_WARN_UNINITIALIZED_AUTOS = YES_AGGRESSIVE;
				GCC_WARN_UNUSED_FUNCTION = YES;
				GCC_WARN_UNUSED_VARIABLE = YES;
				IPHONEOS_DEPLOYMENT_TARGET = 16.2;
				MTL_ENABLE_DEBUG_INFO = INCLUDE_SOURCE;
				MTL_FAST_MATH = YES;
				ONLY_ACTIVE_ARCH = YES;
				SDKROOT = iphoneos;
				SWIFT_ACTIVE_COMPILATION_CONDITIONS = DEBUG;
				SWIFT_OPTIMIZATION_LEVEL = "-Onone";
			};
			name = Debug;
		};
		E2D812B029B6B68100F1A7E7 /* Release */ = {
			isa = XCBuildConfiguration;
			buildSettings = {
				ALWAYS_SEARCH_USER_PATHS = NO;
				CLANG_ANALYZER_NONNULL = YES;
				CLANG_ANALYZER_NUMBER_OBJECT_CONVERSION = YES_AGGRESSIVE;
				CLANG_CXX_LANGUAGE_STANDARD = "gnu++20";
				CLANG_ENABLE_MODULES = YES;
				CLANG_ENABLE_OBJC_ARC = YES;
				CLANG_ENABLE_OBJC_WEAK = YES;
				CLANG_WARN_BLOCK_CAPTURE_AUTORELEASING = YES;
				CLANG_WARN_BOOL_CONVERSION = YES;
				CLANG_WARN_COMMA = YES;
				CLANG_WARN_CONSTANT_CONVERSION = YES;
				CLANG_WARN_DEPRECATED_OBJC_IMPLEMENTATIONS = YES;
				CLANG_WARN_DIRECT_OBJC_ISA_USAGE = YES_ERROR;
				CLANG_WARN_DOCUMENTATION_COMMENTS = YES;
				CLANG_WARN_EMPTY_BODY = YES;
				CLANG_WARN_ENUM_CONVERSION = YES;
				CLANG_WARN_INFINITE_RECURSION = YES;
				CLANG_WARN_INT_CONVERSION = YES;
				CLANG_WARN_NON_LITERAL_NULL_CONVERSION = YES;
				CLANG_WARN_OBJC_IMPLICIT_RETAIN_SELF = YES;
				CLANG_WARN_OBJC_LITERAL_CONVERSION = YES;
				CLANG_WARN_OBJC_ROOT_CLASS = YES_ERROR;
				CLANG_WARN_QUOTED_INCLUDE_IN_FRAMEWORK_HEADER = YES;
				CLANG_WARN_RANGE_LOOP_ANALYSIS = YES;
				CLANG_WARN_STRICT_PROTOTYPES = YES;
				CLANG_WARN_SUSPICIOUS_MOVE = YES;
				CLANG_WARN_UNGUARDED_AVAILABILITY = YES_AGGRESSIVE;
				CLANG_WARN_UNREACHABLE_CODE = YES;
				CLANG_WARN__DUPLICATE_METHOD_MATCH = YES;
				COPY_PHASE_STRIP = NO;
				DEBUG_INFORMATION_FORMAT = "dwarf-with-dsym";
				ENABLE_NS_ASSERTIONS = NO;
				ENABLE_STRICT_OBJC_MSGSEND = YES;
				GCC_C_LANGUAGE_STANDARD = gnu11;
				GCC_NO_COMMON_BLOCKS = YES;
				GCC_WARN_64_TO_32_BIT_CONVERSION = YES;
				GCC_WARN_ABOUT_RETURN_TYPE = YES_ERROR;
				GCC_WARN_UNDECLARED_SELECTOR = YES;
				GCC_WARN_UNINITIALIZED_AUTOS = YES_AGGRESSIVE;
				GCC_WARN_UNUSED_FUNCTION = YES;
				GCC_WARN_UNUSED_VARIABLE = YES;
				IPHONEOS_DEPLOYMENT_TARGET = 16.2;
				MTL_ENABLE_DEBUG_INFO = NO;
				MTL_FAST_MATH = YES;
				SDKROOT = iphoneos;
				SWIFT_COMPILATION_MODE = wholemodule;
				SWIFT_OPTIMIZATION_LEVEL = "-O";
				VALIDATE_PRODUCT = YES;
			};
			name = Release;
		};
		E2D812B229B6B68100F1A7E7 /* Debug */ = {
			isa = XCBuildConfiguration;
			buildSettings = {
				ASSETCATALOG_COMPILER_APPICON_NAME = AppIcon;
				ASSETCATALOG_COMPILER_GLOBAL_ACCENT_COLOR_NAME = AccentColor;
				CODE_SIGN_STYLE = Automatic;
				CURRENT_PROJECT_VERSION = 1;
				DEVELOPMENT_ASSET_PATHS = "\"Pleny_Demo_App/Preview Content\"";
				DEVELOPMENT_TEAM = KQP2A9KA89;
				ENABLE_PREVIEWS = YES;
				GENERATE_INFOPLIST_FILE = YES;
				INFOPLIST_KEY_UIApplicationSceneManifest_Generation = YES;
				INFOPLIST_KEY_UIApplicationSupportsIndirectInputEvents = YES;
				INFOPLIST_KEY_UILaunchScreen_Generation = YES;
				INFOPLIST_KEY_UISupportedInterfaceOrientations_iPad = "UIInterfaceOrientationPortrait UIInterfaceOrientationPortraitUpsideDown UIInterfaceOrientationLandscapeLeft UIInterfaceOrientationLandscapeRight";
				INFOPLIST_KEY_UISupportedInterfaceOrientations_iPhone = "UIInterfaceOrientationPortrait UIInterfaceOrientationLandscapeLeft UIInterfaceOrientationLandscapeRight";
				LD_RUNPATH_SEARCH_PATHS = (
					"$(inherited)",
					"@executable_path/Frameworks",
				);
				MARKETING_VERSION = 1.0;
				PRODUCT_BUNDLE_IDENTIFIER = "com.AhmedShawky.Pleny-Demo-App";
				PRODUCT_NAME = "$(TARGET_NAME)";
				SWIFT_EMIT_LOC_STRINGS = YES;
				SWIFT_VERSION = 5.0;
				TARGETED_DEVICE_FAMILY = "1,2";
			};
			name = Debug;
		};
		E2D812B329B6B68100F1A7E7 /* Release */ = {
			isa = XCBuildConfiguration;
			buildSettings = {
				ASSETCATALOG_COMPILER_APPICON_NAME = AppIcon;
				ASSETCATALOG_COMPILER_GLOBAL_ACCENT_COLOR_NAME = AccentColor;
				CODE_SIGN_STYLE = Automatic;
				CURRENT_PROJECT_VERSION = 1;
				DEVELOPMENT_ASSET_PATHS = "\"Pleny_Demo_App/Preview Content\"";
				DEVELOPMENT_TEAM = KQP2A9KA89;
				ENABLE_PREVIEWS = YES;
				GENERATE_INFOPLIST_FILE = YES;
				INFOPLIST_KEY_UIApplicationSceneManifest_Generation = YES;
				INFOPLIST_KEY_UIApplicationSupportsIndirectInputEvents = YES;
				INFOPLIST_KEY_UILaunchScreen_Generation = YES;
				INFOPLIST_KEY_UISupportedInterfaceOrientations_iPad = "UIInterfaceOrientationPortrait UIInterfaceOrientationPortraitUpsideDown UIInterfaceOrientationLandscapeLeft UIInterfaceOrientationLandscapeRight";
				INFOPLIST_KEY_UISupportedInterfaceOrientations_iPhone = "UIInterfaceOrientationPortrait UIInterfaceOrientationLandscapeLeft UIInterfaceOrientationLandscapeRight";
				LD_RUNPATH_SEARCH_PATHS = (
					"$(inherited)",
					"@executable_path/Frameworks",
				);
				MARKETING_VERSION = 1.0;
				PRODUCT_BUNDLE_IDENTIFIER = "com.AhmedShawky.Pleny-Demo-App";
				PRODUCT_NAME = "$(TARGET_NAME)";
				SWIFT_EMIT_LOC_STRINGS = YES;
				SWIFT_VERSION = 5.0;
				TARGETED_DEVICE_FAMILY = "1,2";
			};
			name = Release;
		};
/* End XCBuildConfiguration section */

/* Begin XCConfigurationList section */
		E2D8128829B6B67E00F1A7E7 /* Build configuration list for PBXProject "Pleny_Demo_App" */ = {
			isa = XCConfigurationList;
			buildConfigurations = (
				E2D812AF29B6B68100F1A7E7 /* Debug */,
				E2D812B029B6B68100F1A7E7 /* Release */,
			);
			defaultConfigurationIsVisible = 0;
			defaultConfigurationName = Release;
		};
		E2D812B129B6B68100F1A7E7 /* Build configuration list for PBXNativeTarget "Pleny_Demo_App" */ = {
			isa = XCConfigurationList;
			buildConfigurations = (
				E2D812B229B6B68100F1A7E7 /* Debug */,
				E2D812B329B6B68100F1A7E7 /* Release */,
			);
			defaultConfigurationIsVisible = 0;
			defaultConfigurationName = Release;
		};
/* End XCConfigurationList section */
	};
	rootObject = E2D8128529B6B67E00F1A7E7 /* Project object */;
}
